
Microsoft Visual Studio Solution File, Format Version 12.00
# Visual Studio Version 17
VisualStudioVersion = 17.11.35303.130
MinimumVisualStudioVersion = 10.0.40219.1
Project("{FAE04EC0-301F-11D3-BF4B-00C04F79EFBC}") = "WpfApp1", "WpfApp1\WpfApp1.csproj", "{505F9FD3-87D3-4A01-8565-690D92E06D60}"
EndProject
Global
	GlobalSection(SolutionConfigurationPlatforms) = preSolution
		Debug|Any CPU = Debug|Any CPU
		Release|Any CPU = Release|Any CPU
	EndGlobalSection
	GlobalSection(ProjectConfigurationPlatforms) = postSolution
		{505F9FD3-87D3-4A01-8565-690D92E06D60}.Debug|Any CPU.ActiveCfg = Debug|Any CPU
		{505F9FD3-87D3-4A01-8565-690D92E06D60}.Debug|Any CPU.Build.0 = Debug|Any CPU
		{505F9FD3-87D3-4A01-8565-690D92E06D60}.Release|Any CPU.ActiveCfg = Release|Any CPU
		{505F9FD3-87D3-4A01-8565-690D92E06D60}.Release|Any CPU.Build.0 = Release|Any CPU
	EndGlobalSection
	GlobalSection(SolutionProperties) = preSolution
		HideSolutionNode = FALSE
	EndGlobalSection
	GlobalSection(ExtensibilityGlobals) = postSolution
		SolutionGuid = {8C6A0A8F-18E1-4D27-94E5-8BC09BE7ECA9}
	EndGlobalSection
EndGlobal
